
Microsoft Visual Studio Solution File, Format Version 12.00
# Visual Studio 14
VisualStudioVersion = 14.0.25123.0
MinimumVisualStudioVersion = 10.0.40219.1
Project("{FAE04EC0-301F-11D3-BF4B-00C04F79EFBC}") = "Tenta_1", "Tenta_1\Tenta_1.csproj", "{2AB168D7-AC4A-4AD1-9AEA-F030A7FC2872}"
EndProject
Project("{FAE04EC0-301F-11D3-BF4B-00C04F79EFBC}") = "Tenta_1.Tests", "Tenta_1.Tests\Tenta_1.Tests.csproj", "{0237780F-2FAC-45FE-B9D9-D2CFB9BC1D94}"
EndProject
Global
	GlobalSection(SolutionConfigurationPlatforms) = preSolution
		Debug|Any CPU = Debug|Any CPU
		Release|Any CPU = Release|Any CPU
	EndGlobalSection
	GlobalSection(ProjectConfigurationPlatforms) = postSolution
		{2AB168D7-AC4A-4AD1-9AEA-F030A7FC2872}.Debug|Any CPU.ActiveCfg = Debug|Any CPU
		{2AB168D7-AC4A-4AD1-9AEA-F030A7FC2872}.Debug|Any CPU.Build.0 = Debug|Any CPU
		{2AB168D7-AC4A-4AD1-9AEA-F030A7FC2872}.Release|Any CPU.ActiveCfg = Release|Any CPU
		{2AB168D7-AC4A-4AD1-9AEA-F030A7FC2872}.Release|Any CPU.Build.0 = Release|Any CPU
		{0237780F-2FAC-45FE-B9D9-D2CFB9BC1D94}.Debug|Any CPU.ActiveCfg = Debug|Any CPU
		{0237780F-2FAC-45FE-B9D9-D2CFB9BC1D94}.Debug|Any CPU.Build.0 = Debug|Any CPU
		{0237780F-2FAC-45FE-B9D9-D2CFB9BC1D94}.Release|Any CPU.ActiveCfg = Release|Any CPU
		{0237780F-2FAC-45FE-B9D9-D2CFB9BC1D94}.Release|Any CPU.Build.0 = Release|Any CPU
	EndGlobalSection
	GlobalSection(SolutionProperties) = preSolution
		HideSolutionNode = FALSE
	EndGlobalSection
EndGlobal
